Microsoft Visual Studio Solution File, Format Version 12.00
# Visual Studio Version 17
VisualStudioVersion = 17.5.2.0
MinimumVisualStudioVersion = 10.0.40219.1
Project("{FAE04EC0-301F-11D3-BF4B-00C04F79EFBC}") = "TRS_APP", "TRS_APP.csproj", "{085AE12F-5854-EE3E-FE12-FA44F9CB40C6}"
EndProject
Global
	GlobalSection(SolutionConfigurationPlatforms) = preSolution
		Debug|Any CPU = Debug|Any CPU
		Release|Any CPU = Release|Any CPU
	EndGlobalSection
	GlobalSection(ProjectConfigurationPlatforms) = postSolution
		{085AE12F-5854-EE3E-FE12-FA44F9CB40C6}.Debug|Any CPU.ActiveCfg = Debug|Any CPU
		{085AE12F-5854-EE3E-FE12-FA44F9CB40C6}.Debug|Any CPU.Build.0 = Debug|Any CPU
		{085AE12F-5854-EE3E-FE12-FA44F9CB40C6}.Release|Any CPU.ActiveCfg = Release|Any CPU
		{085AE12F-5854-EE3E-FE12-FA44F9CB40C6}.Release|Any CPU.Build.0 = Release|Any CPU
	EndGlobalSection
	GlobalSection(SolutionProperties) = preSolution
		HideSolutionNode = FALSE
	EndGlobalSection
	GlobalSection(ExtensibilityGlobals) = postSolution
		SolutionGuid = {5A4E8196-C5B4-4AA4-A4FF-CAA848C6BDCA}
	EndGlobalSection
EndGlobal
